#MicroXplorer Configuration settings - do not modify
ADC1.Channel-0\#ChannelRegularConversion=ADC_CHANNEL_2
ADC1.Channel-1\#ChannelRegularConversion=ADC_CHANNEL_0
ADC1.Channel-2\#ChannelRegularConversion=ADC_CHANNEL_1
ADC1.Channel-3\#ChannelRegularConversion=ADC_CHANNEL_11
ADC1.Channel-4\#ChannelRegularConversion=ADC_CHANNEL_12
ADC1.Channel-5\#ChannelRegularConversion=ADC_CHANNEL_13
ADC1.Channel-6\#ChannelRegularConversion=ADC_CHANNEL_10
ADC1.ContinuousConvMode=ENABLE
ADC1.DMAContinuousRequests=ENABLE
ADC1.IPParameters=Rank-0\#ChannelRegularConversion,master,Channel-0\#ChannelRegularConversion,SamplingTime-0\#ChannelRegularConversion,NbrOfConversionFlag,ScanConvMode,ContinuousConvMode,DMAContinuousRequests,NbrOfConversion,Rank-1\#ChannelRegularConversion,Channel-1\#ChannelRegularConversion,SamplingTime-1\#ChannelRegularConversion,Rank-2\#ChannelRegularConversion,Channel-2\#ChannelRegularConversion,SamplingTime-2\#ChannelRegularConversion,Rank-3\#ChannelRegularConversion,Channel-3\#ChannelRegularConversion,SamplingTime-3\#ChannelRegularConversion,Rank-4\#ChannelRegularConversion,Channel-4\#ChannelRegularConversion,SamplingTime-4\#ChannelRegularConversion,Rank-5\#ChannelRegularConversion,Channel-5\#ChannelRegularConversion,SamplingTime-5\#ChannelRegularConversion,Rank-6\#ChannelRegularConversion,Channel-6\#ChannelRegularConversion,SamplingTime-6\#ChannelRegularConversion
ADC1.NbrOfConversion=7
ADC1.NbrOfConversionFlag=1
ADC1.Rank-0\#ChannelRegularConversion=1
ADC1.Rank-1\#ChannelRegularConversion=2
ADC1.Rank-2\#ChannelRegularConversion=3
ADC1.Rank-3\#ChannelRegularConversion=4
ADC1.Rank-4\#ChannelRegularConversion=5
ADC1.Rank-5\#ChannelRegularConversion=6
ADC1.Rank-6\#ChannelRegularConversion=7
ADC1.SamplingTime-0\#ChannelRegularConversion=ADC_SAMPLETIME_112CYCLES
ADC1.SamplingTime-1\#ChannelRegularConversion=ADC_SAMPLETIME_112CYCLES
ADC1.SamplingTime-2\#ChannelRegularConversion=ADC_SAMPLETIME_112CYCLES
ADC1.SamplingTime-3\#ChannelRegularConversion=ADC_SAMPLETIME_112CYCLES
ADC1.SamplingTime-4\#ChannelRegularConversion=ADC_SAMPLETIME_112CYCLES
ADC1.SamplingTime-5\#ChannelRegularConversion=ADC_SAMPLETIME_112CYCLES
ADC1.SamplingTime-6\#ChannelRegularConversion=ADC_SAMPLETIME_112CYCLES
ADC1.ScanConvMode=ENABLE
ADC1.master=1
ADC2.Channel-0\#ChannelRegularConversion=ADC_CHANNEL_3
ADC2.Channel-1\#ChannelRegularConversion=ADC_CHANNEL_4
ADC2.Channel-2\#ChannelRegularConversion=ADC_CHANNEL_5
ADC2.Channel-3\#ChannelRegularConversion=ADC_CHANNEL_6
ADC2.Channel-4\#ChannelRegularConversion=ADC_CHANNEL_7
ADC2.Channel-5\#ChannelRegularConversion=ADC_CHANNEL_14
ADC2.Channel-6\#ChannelRegularConversion=ADC_CHANNEL_15
ADC2.ContinuousConvMode=ENABLE
ADC2.IPParameters=Rank-0\#ChannelRegularConversion,Channel-0\#ChannelRegularConversion,SamplingTime-0\#ChannelRegularConversion,NbrOfConversionFlag,ScanConvMode,ContinuousConvMode,Rank-1\#ChannelRegularConversion,Channel-1\#ChannelRegularConversion,SamplingTime-1\#ChannelRegularConversion,Rank-2\#ChannelRegularConversion,Channel-2\#ChannelRegularConversion,SamplingTime-2\#ChannelRegularConversion,Rank-3\#ChannelRegularConversion,Channel-3\#ChannelRegularConversion,SamplingTime-3\#ChannelRegularConversion,Rank-4\#ChannelRegularConversion,Channel-4\#ChannelRegularConversion,SamplingTime-4\#ChannelRegularConversion,Rank-5\#ChannelRegularConversion,Channel-5\#ChannelRegularConversion,SamplingTime-5\#ChannelRegularConversion,Rank-6\#ChannelRegularConversion,Channel-6\#ChannelRegularConversion,SamplingTime-6\#ChannelRegularConversion,NbrOfConversion
ADC2.NbrOfConversion=7
ADC2.NbrOfConversionFlag=1
ADC2.Rank-0\#ChannelRegularConversion=1
ADC2.Rank-1\#ChannelRegularConversion=2
ADC2.Rank-2\#ChannelRegularConversion=3
ADC2.Rank-3\#ChannelRegularConversion=4
ADC2.Rank-4\#ChannelRegularConversion=5
ADC2.Rank-5\#ChannelRegularConversion=6
ADC2.Rank-6\#ChannelRegularConversion=7
ADC2.SamplingTime-0\#ChannelRegularConversion=ADC_SAMPLETIME_480CYCLES
ADC2.SamplingTime-1\#ChannelRegularConversion=ADC_SAMPLETIME_480CYCLES
ADC2.SamplingTime-2\#ChannelRegularConversion=ADC_SAMPLETIME_480CYCLES
ADC2.SamplingTime-3\#ChannelRegularConversion=ADC_SAMPLETIME_480CYCLES
ADC2.SamplingTime-4\#ChannelRegularConversion=ADC_SAMPLETIME_480CYCLES
ADC2.SamplingTime-5\#ChannelRegularConversion=ADC_SAMPLETIME_480CYCLES
ADC2.SamplingTime-6\#ChannelRegularConversion=ADC_SAMPLETIME_480CYCLES
ADC2.ScanConvMode=ENABLE
CAD.formats=
CAD.pinconfig=
CAD.provider=
Dma.ADC1.1.Direction=DMA_PERIPH_TO_MEMORY
Dma.ADC1.1.FIFOMode=DMA_FIFOMODE_DISABLE
Dma.ADC1.1.Instance=DMA2_Stream0
Dma.ADC1.1.MemDataAlignment=DMA_MDATAALIGN_HALFWORD
Dma.ADC1.1.MemInc=DMA_MINC_ENABLE
Dma.ADC1.1.Mode=DMA_CIRCULAR
Dma.ADC1.1.PeriphDataAlignment=DMA_PDATAALIGN_HALFWORD
Dma.ADC1.1.PeriphInc=DMA_PINC_DISABLE
Dma.ADC1.1.Priority=DMA_PRIORITY_HIGH
Dma.ADC1.1.RequestParameters=Instance,Direction,PeriphInc,MemInc,PeriphDataAlignment,MemDataAlignment,Mode,Priority,FIFOMode
Dma.ADC2.4.Direction=DMA_PERIPH_TO_MEMORY
Dma.ADC2.4.FIFOMode=DMA_FIFOMODE_DISABLE
Dma.ADC2.4.Instance=DMA2_Stream3
Dma.ADC2.4.MemDataAlignment=DMA_MDATAALIGN_HALFWORD
Dma.ADC2.4.MemInc=DMA_MINC_ENABLE
Dma.ADC2.4.Mode=DMA_CIRCULAR
Dma.ADC2.4.PeriphDataAlignment=DMA_PDATAALIGN_HALFWORD
Dma.ADC2.4.PeriphInc=DMA_PINC_DISABLE
Dma.ADC2.4.Priority=DMA_PRIORITY_HIGH
Dma.ADC2.4.RequestParameters=Instance,Direction,PeriphInc,MemInc,PeriphDataAlignment,MemDataAlignment,Mode,Priority,FIFOMode
Dma.Request0=UART4_RX
Dma.Request1=ADC1
Dma.Request2=USART1_RX
Dma.Request3=USART1_TX
Dma.Request4=ADC2
Dma.RequestsNb=5
Dma.UART4_RX.0.Direction=DMA_PERIPH_TO_MEMORY
Dma.UART4_RX.0.FIFOMode=DMA_FIFOMODE_DISABLE
Dma.UART4_RX.0.Instance=DMA1_Stream2
Dma.UART4_RX.0.MemDataAlignment=DMA_MDATAALIGN_HALFWORD
Dma.UART4_RX.0.MemInc=DMA_MINC_ENABLE
Dma.UART4_RX.0.Mode=DMA_CIRCULAR
Dma.UART4_RX.0.PeriphDataAlignment=DMA_PDATAALIGN_HALFWORD
Dma.UART4_RX.0.PeriphInc=DMA_PINC_DISABLE
Dma.UART4_RX.0.Priority=DMA_PRIORITY_HIGH
Dma.UART4_RX.0.RequestParameters=Instance,Direction,PeriphInc,MemInc,PeriphDataAlignment,MemDataAlignment,Mode,Priority,FIFOMode
Dma.USART1_RX.2.Direction=DMA_PERIPH_TO_MEMORY
Dma.USART1_RX.2.FIFOMode=DMA_FIFOMODE_DISABLE
Dma.USART1_RX.2.Instance=DMA2_Stream2
Dma.USART1_RX.2.MemDataAlignment=DMA_MDATAALIGN_BYTE
Dma.USART1_RX.2.MemInc=DMA_MINC_ENABLE
Dma.USART1_RX.2.Mode=DMA_CIRCULAR
Dma.USART1_RX.2.PeriphDataAlignment=DMA_PDATAALIGN_BYTE
Dma.USART1_RX.2.PeriphInc=DMA_PINC_DISABLE
Dma.USART1_RX.2.Priority=DMA_PRIORITY_LOW
Dma.USART1_RX.2.RequestParameters=Instance,Direction,PeriphInc,MemInc,PeriphDataAlignment,MemDataAlignment,Mode,Priority,FIFOMode
Dma.USART1_TX.3.Direction=DMA_MEMORY_TO_PERIPH
Dma.USART1_TX.3.FIFOMode=DMA_FIFOMODE_DISABLE
Dma.USART1_TX.3.Instance=DMA2_Stream7
Dma.USART1_TX.3.MemDataAlignment=DMA_MDATAALIGN_BYTE
Dma.USART1_TX.3.MemInc=DMA_MINC_ENABLE
Dma.USART1_TX.3.Mode=DMA_NORMAL
Dma.USART1_TX.3.PeriphDataAlignment=DMA_PDATAALIGN_BYTE
Dma.USART1_TX.3.PeriphInc=DMA_PINC_DISABLE
Dma.USART1_TX.3.Priority=DMA_PRIORITY_LOW
Dma.USART1_TX.3.RequestParameters=Instance,Direction,PeriphInc,MemInc,PeriphDataAlignment,MemDataAlignment,Mode,Priority,FIFOMode
FREERTOS.IPParameters=Tasks01,configENABLE_FPU
FREERTOS.Tasks01=defaultTask,24,128,StartDefaultTask,Default,NULL,Dynamic,NULL,NULL
FREERTOS.configENABLE_FPU=1
File.Version=6
GPIO.groupedBy=Group By Peripherals
IWDG.IPParameters=Prescaler
IWDG.Prescaler=IWDG_PRESCALER_256
KeepUserPlacement=false
Mcu.CPN=STM32F405VGT6
Mcu.Family=STM32F4
Mcu.IP0=ADC1
Mcu.IP1=ADC2
Mcu.IP10=TIM1
Mcu.IP11=TIM2
Mcu.IP12=TIM3
Mcu.IP13=TIM4
Mcu.IP14=TIM5
Mcu.IP15=TIM6
Mcu.IP16=TIM8
Mcu.IP17=TIM9
Mcu.IP18=UART4
Mcu.IP19=USART1
Mcu.IP2=DMA
Mcu.IP20=USART3
Mcu.IP21=USART6
Mcu.IP3=FREERTOS
Mcu.IP4=I2C2
Mcu.IP5=IWDG
Mcu.IP6=NVIC
Mcu.IP7=RCC
Mcu.IP8=SPI2
Mcu.IP9=SYS
Mcu.IPNb=22
Mcu.Name=STM32F405VGTx
Mcu.Package=LQFP100
Mcu.Pin0=PE5
Mcu.Pin1=PE6
Mcu.Pin10=PA0-WKUP
Mcu.Pin11=PA1
Mcu.Pin12=PA2
Mcu.Pin13=PA3
Mcu.Pin14=PA4
Mcu.Pin15=PA5
Mcu.Pin16=PA6
Mcu.Pin17=PA7
Mcu.Pin18=PC4
Mcu.Pin19=PC5
Mcu.Pin2=PC14-OSC32_IN
Mcu.Pin20=PB10
Mcu.Pin21=PB11
Mcu.Pin22=PB12
Mcu.Pin23=PB13
Mcu.Pin24=PB14
Mcu.Pin25=PB15
Mcu.Pin26=PD8
Mcu.Pin27=PD9
Mcu.Pin28=PD10
Mcu.Pin29=PD15
Mcu.Pin3=PC15-OSC32_OUT
Mcu.Pin30=PC6
Mcu.Pin31=PC7
Mcu.Pin32=PC8
Mcu.Pin33=PC9
Mcu.Pin34=PA8
Mcu.Pin35=PA9
Mcu.Pin36=PA10
Mcu.Pin37=PA11
Mcu.Pin38=PA12
Mcu.Pin39=PA13
Mcu.Pin4=PH0-OSC_IN
Mcu.Pin40=PA14
Mcu.Pin41=PC10
Mcu.Pin42=PC11
Mcu.Pin43=PD1
Mcu.Pin44=PD2
Mcu.Pin45=PD3
Mcu.Pin46=PD4
Mcu.Pin47=PD5
Mcu.Pin48=PD6
Mcu.Pin49=PD7
Mcu.Pin5=PH1-OSC_OUT
Mcu.Pin50=PB3
Mcu.Pin51=PB4
Mcu.Pin52=PB5
Mcu.Pin53=PB6
Mcu.Pin54=PB7
Mcu.Pin55=PB8
Mcu.Pin56=PB9
Mcu.Pin57=PE0
Mcu.Pin58=PE1
Mcu.Pin59=VP_FREERTOS_VS_CMSIS_V2
Mcu.Pin6=PC0
Mcu.Pin60=VP_IWDG_VS_IWDG
Mcu.Pin61=VP_SYS_VS_tim7
Mcu.Pin62=VP_TIM1_VS_ClockSourceINT
Mcu.Pin63=VP_TIM2_VS_ClockSourceINT
Mcu.Pin64=VP_TIM3_VS_ClockSourceINT
Mcu.Pin65=VP_TIM4_VS_ClockSourceINT
Mcu.Pin66=VP_TIM5_VS_ClockSourceINT
Mcu.Pin67=VP_TIM6_VS_ClockSourceINT
Mcu.Pin68=VP_TIM9_VS_ClockSourceINT
Mcu.Pin7=PC1
Mcu.Pin8=PC2
Mcu.Pin9=PC3
Mcu.PinsNb=69
Mcu.ThirdPartyNb=0
Mcu.UserConstants=
Mcu.UserName=STM32F405VGTx
MxCube.Version=6.16.1
MxDb.Version=DB.6.0.161
NVIC.BusFault_IRQn=true\:0\:0\:false\:false\:true\:false\:false\:false\:false
NVIC.DMA1_Stream2_IRQn=true\:5\:0\:false\:false\:true\:true\:false\:true\:true
NVIC.DMA2_Stream0_IRQn=true\:5\:0\:false\:false\:true\:true\:false\:true\:true
NVIC.DMA2_Stream2_IRQn=true\:5\:0\:false\:false\:true\:true\:false\:true\:true
NVIC.DMA2_Stream3_IRQn=true\:5\:0\:false\:false\:true\:true\:false\:true\:true
NVIC.DMA2_Stream7_IRQn=true\:5\:0\:false\:false\:true\:true\:false\:true\:true
NVIC.DebugMonitor_IRQn=true\:0\:0\:false\:false\:true\:false\:false\:false\:false
NVIC.ForceEnableDMAVector=true
NVIC.HardFault_IRQn=true\:0\:0\:false\:false\:true\:false\:false\:false\:false
NVIC.MemoryManagement_IRQn=true\:0\:0\:false\:false\:true\:false\:false\:false\:false
NVIC.NonMaskableInt_IRQn=true\:0\:0\:false\:false\:true\:false\:false\:false\:false
NVIC.PendSV_IRQn=true\:15\:0\:false\:false\:false\:true\:false\:false\:false
NVIC.PriorityGroup=NVIC_PRIORITYGROUP_4
NVIC.SVCall_IRQn=true\:0\:0\:false\:false\:false\:false\:false\:false\:false
NVIC.SavedPendsvIrqHandlerGenerated=true
NVIC.SavedSvcallIrqHandlerGenerated=true
NVIC.SavedSystickIrqHandlerGenerated=true
NVIC.SysTick_IRQn=true\:15\:0\:false\:false\:false\:true\:false\:true\:false
NVIC.TIM1_BRK_TIM9_IRQn=true\:5\:0\:false\:false\:true\:true\:true\:true\:true
NVIC.TIM1_TRG_COM_TIM11_IRQn=true\:5\:0\:false\:false\:true\:true\:true\:true\:true
NVIC.TIM1_UP_TIM10_IRQn=true\:5\:0\:false\:false\:true\:true\:true\:true\:true
NVIC.TIM2_IRQn=true\:5\:0\:false\:false\:true\:true\:true\:true\:true
NVIC.TIM3_IRQn=true\:5\:0\:false\:false\:true\:true\:true\:true\:true
NVIC.TIM4_IRQn=true\:5\:0\:false\:false\:true\:true\:true\:true\:true
NVIC.TIM5_IRQn=true\:5\:0\:false\:false\:true\:true\:true\:true\:true
NVIC.TIM6_DAC_IRQn=true\:5\:0\:false\:false\:true\:true\:true\:true\:true
NVIC.TIM7_IRQn=true\:15\:0\:false\:false\:true\:false\:true\:true\:true
NVIC.TIM8_BRK_TIM12_IRQn=true\:5\:0\:false\:false\:true\:true\:true\:true\:true
NVIC.TIM8_TRG_COM_TIM14_IRQn=true\:5\:0\:false\:false\:true\:false\:true\:true\:true
NVIC.TIM8_UP_TIM13_IRQn=true\:5\:0\:false\:false\:true\:true\:true\:true\:true
NVIC.TimeBase=TIM7_IRQn
NVIC.TimeBaseIP=TIM7
NVIC.USART6_IRQn=true\:5\:0\:false\:false\:true\:true\:true\:true\:true
NVIC.UsageFault_IRQn=true\:0\:0\:false\:false\:true\:false\:false\:false\:false
PA0-WKUP.GPIOParameters=GPIO_Label
PA0-WKUP.GPIO_Label=LEAK1
PA0-WKUP.Signal=ADCx_IN0
PA1.GPIOParameters=GPIO_Label
PA1.GPIO_Label=LEAK2
PA1.Signal=ADCx_IN1
PA10.GPIOParameters=GPIO_PuPd,GPIO_Label
PA10.GPIO_Label=ESP_RX
PA10.GPIO_PuPd=GPIO_PULLUP
PA10.Locked=true
PA10.Mode=Asynchronous
PA10.Signal=USART1_RX
PA11.GPIOParameters=GPIO_PuPd,GPIO_Label
PA11.GPIO_Label=TMC_STEP
PA11.GPIO_PuPd=GPIO_PULLDOWN
PA11.Locked=true
PA11.Signal=S_TIM1_CH4
PA12.GPIOParameters=PinState,GPIO_PuPd,GPIO_Label
PA12.GPIO_Label=TMC_DIR
PA12.GPIO_PuPd=GPIO_PULLUP
PA12.Locked=true
PA12.PinState=GPIO_PIN_SET
PA12.Signal=GPIO_Output
PA13.Locked=true
PA13.Mode=Serial_Wire
PA13.Signal=SYS_JTMS-SWDIO
PA14.Locked=true
PA14.Mode=Serial_Wire
PA14.Signal=SYS_JTCK-SWCLK
PA2.GPIOParameters=GPIO_Label
PA2.GPIO_Label=FUEL
PA2.Signal=ADCx_IN2
PA3.GPIOParameters=GPIO_Label
PA3.GPIO_Label=T1
PA3.Locked=true
PA3.Signal=ADCx_IN3
PA4.GPIOParameters=GPIO_Label
PA4.GPIO_Label=T2
PA4.Locked=true
PA4.Signal=ADCx_IN4
PA5.GPIOParameters=GPIO_Label
PA5.GPIO_Label=T3
PA5.Locked=true
PA5.Signal=ADCx_IN5
PA6.GPIOParameters=GPIO_Label
PA6.GPIO_Label=T4
PA6.Locked=true
PA6.Signal=ADCx_IN6
PA7.GPIOParameters=GPIO_Label
PA7.GPIO_Label=T5
PA7.Locked=true
PA7.Signal=ADCx_IN7
PA8.GPIOParameters=GPIO_PuPd,GPIO_Label
PA8.GPIO_Label=TMC_EN
PA8.GPIO_PuPd=GPIO_PULLUP
PA8.Locked=true
PA8.Signal=GPIO_Output
PA9.GPIOParameters=GPIO_PuPd,GPIO_Label
PA9.GPIO_Label=ESP_TX
PA9.GPIO_PuPd=GPIO_PULLUP
PA9.Locked=true
PA9.Mode=Asynchronous
PA9.Signal=USART1_TX
PB10.Mode=I2C
PB10.Signal=I2C2_SCL
PB11.Mode=I2C
PB11.Signal=I2C2_SDA
PB12.GPIOParameters=GPIO_PuPd,GPIO_Label
PB12.GPIO_Label=CS
PB12.GPIO_PuPd=GPIO_PULLUP
PB12.Locked=true
PB12.Signal=GPIO_Output
PB13.Locked=true
PB13.Mode=Full_Duplex_Master
PB13.Signal=SPI2_SCK
PB14.Mode=Full_Duplex_Master
PB14.Signal=SPI2_MISO
PB15.Mode=Full_Duplex_Master
PB15.Signal=SPI2_MOSI
PB3.GPIOParameters=GPIO_PuPd,GPIO_Label
PB3.GPIO_Label=PLUG_OUT
PB3.GPIO_PuPd=GPIO_PULLUP
PB3.Locked=true
PB3.Signal=S_TIM2_CH2
PB4.GPIOParameters=GPIO_PuPd,GPIO_Label
PB4.GPIO_Label=HE1_OUT
PB4.GPIO_PuPd=GPIO_PULLDOWN
PB4.Signal=S_TIM3_CH1
PB5.GPIOParameters=GPIO_PuPd,GPIO_Label
PB5.GPIO_Label=HE2_OUT
PB5.GPIO_PuPd=GPIO_PULLDOWN
PB5.Signal=S_TIM3_CH2
PB6.GPIOParameters=GPIO_PuPd,GPIO_Label
PB6.GPIO_Label=HE3_OUT
PB6.GPIO_PuPd=GPIO_PULLDOWN
PB6.Locked=true
PB6.Signal=S_TIM4_CH1
PB7.GPIOParameters=GPIO_PuPd,GPIO_Label
PB7.GPIO_Label=HE4_OUT
PB7.GPIO_PuPd=GPIO_PULLDOWN
PB7.Locked=true
PB7.Signal=S_TIM4_CH2
PB8.GPIOParameters=GPIO_PuPd,GPIO_Label
PB8.GPIO_Label=HE5_OUT
PB8.GPIO_PuPd=GPIO_PULLDOWN
PB8.Locked=true
PB8.Signal=S_TIM4_CH3
PB9.GPIOParameters=GPIO_PuPd,GPIO_Label
PB9.GPIO_Label=HE6_OUT
PB9.GPIO_PuPd=GPIO_PULLDOWN
PB9.Locked=true
PB9.Signal=S_TIM4_CH4
PC0.GPIOParameters=GPIO_Label
PC0.GPIO_Label=MOTOR
PC0.Locked=true
PC0.Signal=ADCx_IN10
PC1.GPIOParameters=GPIO_Label
PC1.GPIO_Label=IR1
PC1.Signal=ADCx_IN11
PC10.GPIOParameters=GPIO_Label
PC10.GPIO_Label=TFT_TX
PC10.Mode=Asynchronous
PC10.Signal=UART4_TX
PC11.GPIOParameters=GPIO_Label
PC11.GPIO_Label=TFT_RX
PC11.Mode=Asynchronous
PC11.Signal=UART4_RX
PC14-OSC32_IN.Locked=true
PC14-OSC32_IN.Mode=LSE-External-Oscillator
PC14-OSC32_IN.Signal=RCC_OSC32_IN
PC15-OSC32_OUT.Locked=true
PC15-OSC32_OUT.Mode=LSE-External-Oscillator
PC15-OSC32_OUT.Signal=RCC_OSC32_OUT
PC2.GPIOParameters=GPIO_Label
PC2.GPIO_Label=IR2
PC2.Signal=ADCx_IN12
PC3.GPIOParameters=GPIO_Label
PC3.GPIO_Label=IR3
PC3.Signal=ADCx_IN13
PC4.GPIOParameters=GPIO_Label
PC4.GPIO_Label=T6
PC4.Locked=true
PC4.Signal=ADCx_IN14
PC5.GPIOParameters=GPIO_Label
PC5.GPIO_Label=T7
PC5.Locked=true
PC5.Signal=ADCx_IN15
PC6.GPIOParameters=GPIO_PuPd,GPIO_Label
PC6.GPIO_Label=COM_TX
PC6.GPIO_PuPd=GPIO_PULLUP
PC6.Mode=Asynchronous
PC6.Signal=USART6_TX
PC7.GPIOParameters=GPIO_PuPd,GPIO_Label
PC7.GPIO_Label=COM_RX
PC7.GPIO_PuPd=GPIO_PULLUP
PC7.Mode=Asynchronous
PC7.Signal=USART6_RX
PC8.GPIOParameters=GPIO_PuPd,GPIO_Label
PC8.GPIO_Label=FAN_OUT
PC8.GPIO_PuPd=GPIO_PULLDOWN
PC8.Locked=true
PC8.Signal=S_TIM8_CH3
PC9.GPIOParameters=GPIO_Label
PC9.GPIO_Label=Buzzer
PC9.Locked=true
PC9.Signal=GPIO_Output
PCC.Checker=false
PCC.Line=STM32F405/415
PCC.MCU=STM32F405VGTx
PCC.PartNumber=STM32F405VGTx
PCC.Series=STM32F4
PCC.Temperature=25
PCC.Vdd=3.3
PD1.GPIOParameters=GPIO_PuPd,GPIO_Label
PD1.GPIO_Label=IRCAP_ST
PD1.GPIO_PuPd=GPIO_PULLUP
PD1.Locked=true
PD1.Signal=GPIO_Input
PD10.GPIOParameters=GPIO_PuPd,GPIO_Label
PD10.GPIO_Label=MP3_BUSY
PD10.GPIO_PuPd=GPIO_PULLUP
PD10.Signal=GPIO_Input
PD15.GPIOParameters=GPIO_Label
PD15.GPIO_Label=RX433
PD15.Locked=true
PD15.Signal=GPIO_Input
PD2.GPIOParameters=GPIO_PuPd,GPIO_Label,GPIO_ModeDefaultEXTI
PD2.GPIO_Label=CASE_ST
PD2.GPIO_ModeDefaultEXTI=GPIO_MODE_EVT_RISING
PD2.GPIO_PuPd=GPIO_PULLUP
PD2.Locked=true
PD2.Signal=GPXTI2
PD3.GPIOParameters=GPIO_PuPd,GPIO_Label,GPIO_ModeDefaultEXTI
PD3.GPIO_Label=PWR_ST
PD3.GPIO_ModeDefaultEXTI=GPIO_MODE_EVT_RISING
PD3.GPIO_PuPd=GPIO_PULLUP
PD3.Locked=true
PD3.Signal=GPXTI3
PD4.GPIOParameters=GPIO_PuPd,GPIO_Label
PD4.GPIO_Label=FUEL_ST
PD4.GPIO_PuPd=GPIO_PULLUP
PD4.Locked=true
PD4.Signal=GPIO_Input
PD5.GPIOParameters=GPIO_PuPd,GPIO_Label,GPIO_ModeDefaultEXTI
PD5.GPIO_Label=PWR2_ST
PD5.GPIO_ModeDefaultEXTI=GPIO_MODE_EVT_RISING
PD5.GPIO_PuPd=GPIO_PULLUP
PD5.Locked=true
PD5.Signal=GPXTI5
PD6.GPIOParameters=GPIO_PuPd,GPIO_Label
PD6.GPIO_Label=REM_ST
PD6.GPIO_PuPd=GPIO_PULLUP
PD6.Locked=true
PD6.Signal=GPIO_Input
PD7.GPIOParameters=GPIO_PuPd,GPIO_Label
PD7.GPIO_Label=REM_FLAME
PD7.GPIO_PuPd=GPIO_PULLUP
PD7.Locked=true
PD7.Signal=GPIO_Input
PD8.GPIOParameters=GPIO_PuPd,GPIO_Label
PD8.GPIO_Label=MP3_TX
PD8.GPIO_PuPd=GPIO_PULLUP
PD8.Locked=true
PD8.Mode=Asynchronous
PD8.Signal=USART3_TX
PD9.GPIOParameters=GPIO_PuPd,GPIO_Label
PD9.GPIO_Label=MP3_RX
PD9.GPIO_PuPd=GPIO_PULLUP
PD9.Locked=true
PD9.Mode=Asynchronous
PD9.Signal=USART3_RX
PE0.GPIOParameters=PinState,GPIO_PuPd,GPIO_Label
PE0.GPIO_Label=PWR_ON/OFF
PE0.GPIO_PuPd=GPIO_PULLUP
PE0.Locked=true
PE0.PinState=GPIO_PIN_SET
PE0.Signal=GPIO_Output
PE1.GPIOParameters=PinState,GPIO_PuPd,GPIO_Label
PE1.GPIO_Label=PUMP_OUT
PE1.GPIO_PuPd=GPIO_PULLUP
PE1.Locked=true
PE1.PinState=GPIO_PIN_SET
PE1.Signal=GPIO_Output
PE5.GPIOParameters=GPIO_Label
PE5.GPIO_Label=SERV1
PE5.Locked=true
PE5.Signal=S_TIM9_CH1
PE6.GPIOParameters=GPIO_Label
PE6.GPIO_Label=SERV2
PE6.Locked=true
PE6.Signal=S_TIM9_CH2
PH0-OSC_IN.Locked=true
PH0-OSC_IN.Mode=HSE-External-Oscillator
PH0-OSC_IN.Signal=RCC_OSC_IN
PH1-OSC_OUT.Locked=true
PH1-OSC_OUT.Mode=HSE-External-Oscillator
PH1-OSC_OUT.Signal=RCC_OSC_OUT
PinOutPanel.RotationAngle=0
ProjectManager.AskForMigrate=true
ProjectManager.BackupPrevious=false
ProjectManager.CompilerLinker=GCC
ProjectManager.CompilerOptimize=6
ProjectManager.ComputerToolchain=false
ProjectManager.CoupleFile=true
ProjectManager.CustomerFirmwarePackage=
ProjectManager.DefaultFWLocation=true
ProjectManager.DeletePrevious=true
ProjectManager.DeviceId=STM32F405VGTx
ProjectManager.FirmwarePackage=STM32Cube FW_F4 V1.28.3
ProjectManager.FreePins=false
ProjectManager.FreePinsContext=
ProjectManager.HalAssertFull=false
ProjectManager.HeapSize=0x200
ProjectManager.KeepUserCode=true
ProjectManager.LastFirmware=true
ProjectManager.LibraryCopy=1
ProjectManager.MainLocation=Core/Src
ProjectManager.NoMain=false
ProjectManager.PreviousToolchain=
ProjectManager.ProjectBuild=false
ProjectManager.ProjectFileName=fireplace_v1.ioc
ProjectManager.ProjectName=fireplace_v1
ProjectManager.ProjectStructure=
ProjectManager.RegisterCallBack=
ProjectManager.StackSize=0x400
ProjectManager.TargetToolchain=Makefile
ProjectManager.ToolChainLocation=el_Camino premium_line
ProjectManager.UAScriptAfterPath=
ProjectManager.UAScriptBeforePath=
ProjectManager.UnderRoot=false
ProjectManager.functionlistsort=1-SystemClock_Config-RCC-false-HAL-false,2-MX_GPIO_Init-GPIO-false-HAL-true,3-MX_DMA_Init-DMA-false-HAL-true,4-MX_ADC1_Init-ADC1-false-HAL-true,5-MX_I2C2_Init-I2C2-false-HAL-true,6-MX_SPI2_Init-SPI2-false-HAL-true,7-MX_TIM2_Init-TIM2-false-HAL-true,8-MX_TIM3_Init-TIM3-false-HAL-true,9-MX_TIM4_Init-TIM4-false-HAL-true,10-MX_TIM9_Init-TIM9-false-HAL-true,11-MX_UART4_Init-UART4-false-HAL-true,12-MX_USART1_UART_Init-USART1-false-HAL-true,13-MX_USART3_UART_Init-USART3-false-HAL-true,14-MX_USART6_UART_Init-USART6-false-HAL-true,15-MX_TIM1_Init-TIM1-false-HAL-true,16-MX_TIM5_Init-TIM5-false-HAL-true,17-MX_TIM6_Init-TIM6-false-HAL-true,18-MX_TIM8_Init-TIM8-false-HAL-true,19-MX_ADC2_Init-ADC2-false-HAL-true,20-MX_IWDG_Init-IWDG-false-HAL-true
RCC.48MHZClocksFreq_Value=84000000
RCC.AHBFreq_Value=168000000
RCC.APB1CLKDivider=RCC_HCLK_DIV4
RCC.APB1Freq_Value=42000000
RCC.APB1TimFreq_Value=84000000
RCC.APB2CLKDivider=RCC_HCLK_DIV2
RCC.APB2Freq_Value=84000000
RCC.APB2TimFreq_Value=168000000
RCC.CortexFreq_Value=168000000
RCC.EthernetFreq_Value=168000000
RCC.FCLKCortexFreq_Value=168000000
RCC.FamilyName=M
RCC.HCLKFreq_Value=168000000
RCC.HSE_VALUE=16000000
RCC.HSI_VALUE=16000000
RCC.I2SClocksFreq_Value=192000000
RCC.IPParameters=48MHZClocksFreq_Value,AHBFreq_Value,APB1CLKDivider,APB1Freq_Value,APB1TimFreq_Value,APB2CLKDivider,APB2Freq_Value,APB2TimFreq_Value,CortexFreq_Value,EthernetFreq_Value,FCLKCortexFreq_Value,FamilyName,HCLKFreq_Value,HSE_VALUE,HSI_VALUE,I2SClocksFreq_Value,LSI_VALUE,MCO2PinFreq_Value,PLLCLKFreq_Value,PLLM,PLLN,PLLQCLKFreq_Value,PLLSourceVirtual,RTCFreq_Value,RTCHSEDivFreq_Value,SYSCLKFreq_VALUE,SYSCLKSource,VCOI2SOutputFreq_Value,VCOInputFreq_Value,VCOOutputFreq_Value,VcooutputI2S
RCC.LSI_VALUE=32000
RCC.MCO2PinFreq_Value=168000000
RCC.PLLCLKFreq_Value=168000000
RCC.PLLM=8
RCC.PLLN=168
RCC.PLLQCLKFreq_Value=84000000
RCC.PLLSourceVirtual=RCC_PLLSOURCE_HSE
RCC.RTCFreq_Value=32000
RCC.RTCHSEDivFreq_Value=8000000
RCC.SYSCLKFreq_VALUE=168000000
RCC.SYSCLKSource=RCC_SYSCLKSOURCE_PLLCLK
RCC.VCOI2SOutputFreq_Value=384000000
RCC.VCOInputFreq_Value=2000000
RCC.VCOOutputFreq_Value=336000000
RCC.VcooutputI2S=192000000
SH.ADCx_IN0.0=ADC1_IN0,IN0
SH.ADCx_IN0.ConfNb=1
SH.ADCx_IN1.0=ADC1_IN1,IN1
SH.ADCx_IN1.ConfNb=1
SH.ADCx_IN10.0=ADC1_IN10,IN10
SH.ADCx_IN10.ConfNb=1
SH.ADCx_IN11.0=ADC1_IN11,IN11
SH.ADCx_IN11.ConfNb=1
SH.ADCx_IN12.0=ADC1_IN12,IN12
SH.ADCx_IN12.ConfNb=1
SH.ADCx_IN13.0=ADC1_IN13,IN13
SH.ADCx_IN13.ConfNb=1
SH.ADCx_IN14.0=ADC1_IN14
SH.ADCx_IN14.1=ADC2_IN14,IN14
SH.ADCx_IN14.ConfNb=2
SH.ADCx_IN15.0=ADC1_IN15
SH.ADCx_IN15.1=ADC2_IN15,IN15
SH.ADCx_IN15.ConfNb=2
SH.ADCx_IN2.0=ADC1_IN2,IN2
SH.ADCx_IN2.ConfNb=1
SH.ADCx_IN3.0=ADC2_IN3,IN3
SH.ADCx_IN3.ConfNb=1
SH.ADCx_IN4.0=ADC2_IN4,IN4
SH.ADCx_IN4.ConfNb=1
SH.ADCx_IN5.0=ADC2_IN5,IN5
SH.ADCx_IN5.ConfNb=1
SH.ADCx_IN6.0=ADC2_IN6,IN6
SH.ADCx_IN6.ConfNb=1
SH.ADCx_IN7.0=ADC2_IN7,IN7
SH.ADCx_IN7.ConfNb=1
SH.GPXTI2.0=GPIO_EXTI2
SH.GPXTI2.ConfNb=1
SH.GPXTI3.0=GPIO_EXTI3
SH.GPXTI3.ConfNb=1
SH.GPXTI5.0=GPIO_EXTI5
SH.GPXTI5.ConfNb=1
SH.S_TIM1_CH4.0=TIM1_CH4,PWM Generation4 CH4
SH.S_TIM1_CH4.ConfNb=1
SH.S_TIM2_CH2.0=TIM2_CH2,PWM Generation2 CH2
SH.S_TIM2_CH2.ConfNb=1
SH.S_TIM3_CH1.0=TIM3_CH1,PWM Generation1 CH1
SH.S_TIM3_CH1.ConfNb=1
SH.S_TIM3_CH2.0=TIM3_CH2,PWM Generation2 CH2
SH.S_TIM3_CH2.ConfNb=1
SH.S_TIM4_CH1.0=TIM4_CH1,PWM Generation1 CH1
SH.S_TIM4_CH1.ConfNb=1
SH.S_TIM4_CH2.0=TIM4_CH2,PWM Generation2 CH2
SH.S_TIM4_CH2.ConfNb=1
SH.S_TIM4_CH3.0=TIM4_CH3,PWM Generation3 CH3
SH.S_TIM4_CH3.ConfNb=1
SH.S_TIM4_CH4.0=TIM4_CH4,PWM Generation4 CH4
SH.S_TIM4_CH4.ConfNb=1
SH.S_TIM8_CH3.0=TIM8_CH3,PWM Generation3 CH3
SH.S_TIM8_CH3.ConfNb=1
SH.S_TIM9_CH1.0=TIM9_CH1,PWM Generation1 CH1
SH.S_TIM9_CH1.ConfNb=1
SH.S_TIM9_CH2.0=TIM9_CH2,PWM Generation2 CH2
SH.S_TIM9_CH2.ConfNb=1
SPI2.BaudRatePrescaler=SPI_BAUDRATEPRESCALER_2
SPI2.CalculateBaudRate=21.0 MBits/s
SPI2.Direction=SPI_DIRECTION_2LINES
SPI2.IPParameters=VirtualType,Mode,Direction,CalculateBaudRate,BaudRatePrescaler
SPI2.Mode=SPI_MODE_MASTER
SPI2.VirtualType=VM_MASTER
TIM1.Channel-PWM\ Generation4\ CH4=TIM_CHANNEL_4
TIM1.IPParameters=Channel-PWM Generation4 CH4,Prescaler,Period,Pulse-PWM Generation4 CH4
TIM1.Period=2550
TIM1.Prescaler=217
TIM1.Pulse-PWM\ Generation4\ CH4=1000
TIM2.Channel-PWM\ Generation2\ CH2=TIM_CHANNEL_2
TIM2.IPParameters=Prescaler,Period,Channel-PWM Generation2 CH2,OCPolarity_2
TIM2.OCPolarity_2=TIM_OCPOLARITY_LOW
TIM2.Period=100
TIM2.Prescaler=8399
TIM3.Channel-PWM\ Generation1\ CH1=TIM_CHANNEL_1
TIM3.Channel-PWM\ Generation2\ CH2=TIM_CHANNEL_2
TIM3.IPParameters=Channel-PWM Generation1 CH1,Channel-PWM Generation2 CH2,Prescaler,Period
TIM3.Period=30000
TIM3.Prescaler=8399
TIM4.Channel-PWM\ Generation1\ CH1=TIM_CHANNEL_1
TIM4.Channel-PWM\ Generation2\ CH2=TIM_CHANNEL_2
TIM4.Channel-PWM\ Generation3\ CH3=TIM_CHANNEL_3
TIM4.Channel-PWM\ Generation4\ CH4=TIM_CHANNEL_4
TIM4.IPParameters=Channel-PWM Generation1 CH1,Channel-PWM Generation2 CH2,Channel-PWM Generation3 CH3,Channel-PWM Generation4 CH4,Prescaler,Period
TIM4.Period=10000
TIM4.Prescaler=8399
TIM5.IPParameters=Prescaler,Period
TIM5.Period=10000
TIM5.Prescaler=839
TIM6.IPParameters=Prescaler,Period
TIM6.Period=89
TIM6.Prescaler=83
TIM8.Channel-PWM\ Generation3\ CH3=TIM_CHANNEL_3
TIM8.IPParameters=Prescaler,Period,Channel-PWM Generation3 CH3,OCPolarity_3
TIM8.OCPolarity_3=TIM_OCPOLARITY_HIGH
TIM8.Period=1000
TIM8.Prescaler=167
TIM9.Channel-PWM\ Generation1\ CH1=TIM_CHANNEL_1
TIM9.Channel-PWM\ Generation2\ CH2=TIM_CHANNEL_2
TIM9.IPParameters=Prescaler,Period,Channel-PWM Generation1 CH1,Channel-PWM Generation2 CH2
TIM9.Period=65000
TIM9.Prescaler=3360
UART4.IPParameters=VirtualMode
UART4.VirtualMode=Asynchronous
USART1.BaudRate=3000000
USART1.IPParameters=VirtualMode,Parity,WordLength,BaudRate
USART1.Parity=PARITY_EVEN
USART1.VirtualMode=VM_ASYNC
USART1.WordLength=WORDLENGTH_9B
USART3.BaudRate=9600
USART3.IPParameters=VirtualMode,BaudRate
USART3.VirtualMode=VM_ASYNC
USART6.IPParameters=VirtualMode
USART6.VirtualMode=VM_ASYNC
VP_FREERTOS_VS_CMSIS_V2.Mode=CMSIS_V2
VP_FREERTOS_VS_CMSIS_V2.Signal=FREERTOS_VS_CMSIS_V2
VP_IWDG_VS_IWDG.Mode=IWDG_Activate
VP_IWDG_VS_IWDG.Signal=IWDG_VS_IWDG
VP_SYS_VS_tim7.Mode=TIM7
VP_SYS_VS_tim7.Signal=SYS_VS_tim7
VP_TIM1_VS_ClockSourceINT.Mode=Internal
VP_TIM1_VS_ClockSourceINT.Signal=TIM1_VS_ClockSourceINT
VP_TIM2_VS_ClockSourceINT.Mode=Internal
VP_TIM2_VS_ClockSourceINT.Signal=TIM2_VS_ClockSourceINT
VP_TIM3_VS_ClockSourceINT.Mode=Internal
VP_TIM3_VS_ClockSourceINT.Signal=TIM3_VS_ClockSourceINT
VP_TIM4_VS_ClockSourceINT.Mode=Internal
VP_TIM4_VS_ClockSourceINT.Signal=TIM4_VS_ClockSourceINT
VP_TIM5_VS_ClockSourceINT.Mode=Internal
VP_TIM5_VS_ClockSourceINT.Signal=TIM5_VS_ClockSourceINT
VP_TIM6_VS_ClockSourceINT.Mode=Enable_Timer
VP_TIM6_VS_ClockSourceINT.Signal=TIM6_VS_ClockSourceINT
VP_TIM9_VS_ClockSourceINT.Mode=Internal
VP_TIM9_VS_ClockSourceINT.Signal=TIM9_VS_ClockSourceINT
board=custom
rtos.0.ip=FREERTOS
